
Microsoft Visual Studio Solution File, Format Version 12.00
# Visual Studio Version 16
VisualStudioVersion = 16.0.31410.357
MinimumVisualStudioVersion = 10.0.40219.1
Project("{9A19103F-16F7-4668-BE54-9A1E7A4F7556}") = "FinalRest.core", "src\FinalRest.core\FinalRest.core.csproj", "{F8A70BAF-490B-46E1-ADA5-6B6861B2D251}"
EndProject
Project("{9A19103F-16F7-4668-BE54-9A1E7A4F7556}") = "FinalRest.sample.console", "sample\FinalRest.sample.console\FinalRest.sample.console.csproj", "{B1A5046E-F58B-47D7-9516-A4F7EF8AF031}"
EndProject
Project("{FAE04EC0-301F-11D3-BF4B-00C04F79EFBC}") = "FinalRest.test", "test\FinalRest.test\FinalRest.test.csproj", "{AC417F99-54C8-4C7E-8721-6515BD0FC6D4}"
EndProject
Global
	GlobalSection(SolutionConfigurationPlatforms) = preSolution
		Debug|Any CPU = Debug|Any CPU
		Release|Any CPU = Release|Any CPU
	EndGlobalSection
	GlobalSection(ProjectConfigurationPlatforms) = postSolution
		{F8A70BAF-490B-46E1-ADA5-6B6861B2D251}.Debug|Any CPU.ActiveCfg = Debug|Any CPU
		{F8A70BAF-490B-46E1-ADA5-6B6861B2D251}.Debug|Any CPU.Build.0 = Debug|Any CPU
		{F8A70BAF-490B-46E1-ADA5-6B6861B2D251}.Release|Any CPU.ActiveCfg = Release|Any CPU
		{F8A70BAF-490B-46E1-ADA5-6B6861B2D251}.Release|Any CPU.Build.0 = Release|Any CPU
		{B1A5046E-F58B-47D7-9516-A4F7EF8AF031}.Debug|Any CPU.ActiveCfg = Debug|Any CPU
		{B1A5046E-F58B-47D7-9516-A4F7EF8AF031}.Debug|Any CPU.Build.0 = Debug|Any CPU
		{B1A5046E-F58B-47D7-9516-A4F7EF8AF031}.Release|Any CPU.ActiveCfg = Release|Any CPU
		{B1A5046E-F58B-47D7-9516-A4F7EF8AF031}.Release|Any CPU.Build.0 = Release|Any CPU
		{AC417F99-54C8-4C7E-8721-6515BD0FC6D4}.Debug|Any CPU.ActiveCfg = Debug|Any CPU
		{AC417F99-54C8-4C7E-8721-6515BD0FC6D4}.Debug|Any CPU.Build.0 = Debug|Any CPU
		{AC417F99-54C8-4C7E-8721-6515BD0FC6D4}.Release|Any CPU.ActiveCfg = Release|Any CPU
		{AC417F99-54C8-4C7E-8721-6515BD0FC6D4}.Release|Any CPU.Build.0 = Release|Any CPU
	EndGlobalSection
	GlobalSection(SolutionProperties) = preSolution
		HideSolutionNode = FALSE
	EndGlobalSection
	GlobalSection(ExtensibilityGlobals) = postSolution
		SolutionGuid = {8D255A61-5B83-41CF-9155-C436A32A2E98}
	EndGlobalSection
EndGlobal
